
Microsoft Visual Studio Solution File, Format Version 12.00
# Visual Studio Version 17
VisualStudioVersion = 17.3.32804.467
MinimumVisualStudioVersion = 10.0.40219.1
Project("{FAE04EC0-301F-11D3-BF4B-00C04F79EFBC}") = "Five.Bank.Api", "Five.Bank.Api\Five.Bank.Api.csproj", "{0FB6194F-779D-4E0E-82F2-BC6F2FA746FA}"
EndProject
Project("{FAE04EC0-301F-11D3-BF4B-00C04F79EFBC}") = "Five.Bank.Domain", "Five.Bank.Domain\Five.Bank.Domain.csproj", "{3AAC9D5D-633B-4246-88D6-18B6A0EA7DAB}"
EndProject
Project("{FAE04EC0-301F-11D3-BF4B-00C04F79EFBC}") = "Five.Bank.Infra.Services", "Five.Bank.Infra.Services\Five.Bank.Infra.Services.csproj", "{F5F8FDC2-0C6A-4925-975D-BEB50EF09FF5}"
EndProject
Project("{FAE04EC0-301F-11D3-BF4B-00C04F79EFBC}") = "Five.Bank.Infra.MongoDb", "Five.Bank.Infra.MongoDb\Five.Bank.Infra.MongoDb.csproj", "{2481D9CB-2359-4407-A4F4-3E0BA151CF08}"
EndProject
Global
	GlobalSection(SolutionConfigurationPlatforms) = preSolution
		Debug|Any CPU = Debug|Any CPU
		Release|Any CPU = Release|Any CPU
	EndGlobalSection
	GlobalSection(ProjectConfigurationPlatforms) = postSolution
		{0FB6194F-779D-4E0E-82F2-BC6F2FA746FA}.Debug|Any CPU.ActiveCfg = Debug|Any CPU
		{0FB6194F-779D-4E0E-82F2-BC6F2FA746FA}.Debug|Any CPU.Build.0 = Debug|Any CPU
		{0FB6194F-779D-4E0E-82F2-BC6F2FA746FA}.Release|Any CPU.ActiveCfg = Release|Any CPU
		{0FB6194F-779D-4E0E-82F2-BC6F2FA746FA}.Release|Any CPU.Build.0 = Release|Any CPU
		{3AAC9D5D-633B-4246-88D6-18B6A0EA7DAB}.Debug|Any CPU.ActiveCfg = Debug|Any CPU
		{3AAC9D5D-633B-4246-88D6-18B6A0EA7DAB}.Debug|Any CPU.Build.0 = Debug|Any CPU
		{3AAC9D5D-633B-4246-88D6-18B6A0EA7DAB}.Release|Any CPU.ActiveCfg = Release|Any CPU
		{3AAC9D5D-633B-4246-88D6-18B6A0EA7DAB}.Release|Any CPU.Build.0 = Release|Any CPU
		{F5F8FDC2-0C6A-4925-975D-BEB50EF09FF5}.Debug|Any CPU.ActiveCfg = Debug|Any CPU
		{F5F8FDC2-0C6A-4925-975D-BEB50EF09FF5}.Debug|Any CPU.Build.0 = Debug|Any CPU
		{F5F8FDC2-0C6A-4925-975D-BEB50EF09FF5}.Release|Any CPU.ActiveCfg = Release|Any CPU
		{F5F8FDC2-0C6A-4925-975D-BEB50EF09FF5}.Release|Any CPU.Build.0 = Release|Any CPU
		{2481D9CB-2359-4407-A4F4-3E0BA151CF08}.Debug|Any CPU.ActiveCfg = Debug|Any CPU
		{2481D9CB-2359-4407-A4F4-3E0BA151CF08}.Debug|Any CPU.Build.0 = Debug|Any CPU
		{2481D9CB-2359-4407-A4F4-3E0BA151CF08}.Release|Any CPU.ActiveCfg = Release|Any CPU
		{2481D9CB-2359-4407-A4F4-3E0BA151CF08}.Release|Any CPU.Build.0 = Release|Any CPU
	EndGlobalSection
	GlobalSection(SolutionProperties) = preSolution
		HideSolutionNode = FALSE
	EndGlobalSection
	GlobalSection(ExtensibilityGlobals) = postSolution
		SolutionGuid = {A5CAA084-E767-47B7-8B69-9336D7CD4634}
	EndGlobalSection
EndGlobal
